// !$*UTF8*$!
{
	archiveVersion = 1;
	classes = {
	};
	objectVersion = 48;
	objects = {

/* Begin PBXBuildFile section */
		670C07A51F98B1F800C089EF /* AppDelegate.swift in Sources */ = {isa = PBXBuildFile; fileRef = 670C07A41F98B1F800C089EF /* AppDelegate.swift */; };
		670C07A71F98B1F800C089EF /* ViewController.swift in Sources */ = {isa = PBXBuildFile; fileRef = 670C07A61F98B1F800C089EF /* ViewController.swift */; };
		670C07AA1F98B1F800C089EF /* Main.storyboard in Resources */ = {isa = PBXBuildFile; fileRef = 670C07A81F98B1F800C089EF /* Main.storyboard */; };
		670C07AC1F98B1F800C089EF /* Assets.xcassets in Resources */ = {isa = PBXBuildFile; fileRef = 670C07AB1F98B1F800C089EF /* Assets.xcassets */; };
		670C07AF1F98B1F800C089EF /* LaunchScreen.storyboard in Resources */ = {isa = PBXBuildFile; fileRef = 670C07AD1F98B1F800C089EF /* LaunchScreen.storyboard */; };
		A7C88971C7E52604683F1215 /* Pods_OptimoveSDKApplication.framework in Frameworks */ = {isa = PBXBuildFile; fileRef = 5F0B4D767640088FE0694C96 /* Pods_OptimoveSDKApplication.framework */; };
/* End PBXBuildFile section */

/* Begin PBXFileReference section */
		11CD854AAEEFB595746D91EF /* Pods-OptimoveSDKApplication.release.xcconfig */ = {isa = PBXFileReference; includeInIndex = 1; lastKnownFileType = text.xcconfig; name = "Pods-OptimoveSDKApplication.release.xcconfig"; path = "Pods/Target Support Files/Pods-OptimoveSDKApplication/Pods-OptimoveSDKApplication.release.xcconfig"; sourceTree = "<group>"; };
		5F0B4D767640088FE0694C96 /* Pods_OptimoveSDKApplication.framework */ = {isa = PBXFileReference; explicitFileType = wrapper.framework; includeInIndex = 0; path = Pods_OptimoveSDKApplication.framework; sourceTree = BUILT_PRODUCTS_DIR; };
		670C07A11F98B1F800C089EF /* OptimoveSDKApplication.app */ = {isa = PBXFileReference; explicitFileType = wrapper.application; includeInIndex = 0; path = OptimoveSDKApplication.app; sourceTree = BUILT_PRODUCTS_DIR; };
		670C07A41F98B1F800C089EF /* AppDelegate.swift */ = {isa = PBXFileReference; lastKnownFileType = sourcecode.swift; path = AppDelegate.swift; sourceTree = "<group>"; };
		670C07A61F98B1F800C089EF /* ViewController.swift */ = {isa = PBXFileReference; lastKnownFileType = sourcecode.swift; path = ViewController.swift; sourceTree = "<group>"; };
		670C07A91F98B1F800C089EF /* Base */ = {isa = PBXFileReference; lastKnownFileType = file.storyboard; name = Base; path = Base.lproj/Main.storyboard; sourceTree = "<group>"; };
		670C07AB1F98B1F800C089EF /* Assets.xcassets */ = {isa = PBXFileReference; lastKnownFileType = folder.assetcatalog; path = Assets.xcassets; sourceTree = "<group>"; };
		670C07AE1F98B1F800C089EF /* Base */ = {isa = PBXFileReference; lastKnownFileType = file.storyboard; name = Base; path = Base.lproj/LaunchScreen.storyboard; sourceTree = "<group>"; };
		670C07B01F98B1F800C089EF /* Info.plist */ = {isa = PBXFileReference; lastKnownFileType = text.plist.xml; path = Info.plist; sourceTree = "<group>"; };
		D26BD827080188CC8BE9E347 /* Pods-OptimoveSDKApplication.debug.xcconfig */ = {isa = PBXFileReference; includeInIndex = 1; lastKnownFileType = text.xcconfig; name = "Pods-OptimoveSDKApplication.debug.xcconfig"; path = "Pods/Target Support Files/Pods-OptimoveSDKApplication/Pods-OptimoveSDKApplication.debug.xcconfig"; sourceTree = "<group>"; };
/* End PBXFileReference section */

/* Begin PBXFrameworksBuildPhase section */
		670C079E1F98B1F800C089EF /* Frameworks */ = {
			isa = PBXFrameworksBuildPhase;
			buildActionMask = 2147483647;
			files = (
				A7C88971C7E52604683F1215 /* Pods_OptimoveSDKApplication.framework in Frameworks */,
			);
			runOnlyForDeploymentPostprocessing = 0;
		};
/* End PBXFrameworksBuildPhase section */

/* Begin PBXGroup section */
		670C07981F98B1F800C089EF = {
			isa = PBXGroup;
			children = (
				670C07A31F98B1F800C089EF /* OptimoveSDKApplication */,
				670C07A21F98B1F800C089EF /* Products */,
				DF7DBDD38A19F262AA3D91E6 /* Pods */,
				8057A0B79BF5B4FB99FF698B /* Frameworks */,
			);
			sourceTree = "<group>";
		};
		670C07A21F98B1F800C089EF /* Products */ = {
			isa = PBXGroup;
			children = (
				670C07A11F98B1F800C089EF /* OptimoveSDKApplication.app */,
			);
			name = Products;
			sourceTree = "<group>";
		};
		670C07A31F98B1F800C089EF /* OptimoveSDKApplication */ = {
			isa = PBXGroup;
			children = (
				670C07A41F98B1F800C089EF /* AppDelegate.swift */,
				670C07A61F98B1F800C089EF /* ViewController.swift */,
				670C07A81F98B1F800C089EF /* Main.storyboard */,
				670C07AB1F98B1F800C089EF /* Assets.xcassets */,
				670C07AD1F98B1F800C089EF /* LaunchScreen.storyboard */,
				670C07B01F98B1F800C089EF /* Info.plist */,
			);
			path = OptimoveSDKApplication;
			sourceTree = "<group>";
		};
		8057A0B79BF5B4FB99FF698B /* Frameworks */ = {
			isa = PBXGroup;
			children = (
				5F0B4D767640088FE0694C96 /* Pods_OptimoveSDKApplication.framework */,
			);
			name = Frameworks;
			sourceTree = "<group>";
		};
		DF7DBDD38A19F262AA3D91E6 /* Pods */ = {
			isa = PBXGroup;
			children = (
				D26BD827080188CC8BE9E347 /* Pods-OptimoveSDKApplication.debug.xcconfig */,
				11CD854AAEEFB595746D91EF /* Pods-OptimoveSDKApplication.release.xcconfig */,
			);
			name = Pods;
			sourceTree = "<group>";
		};
/* End PBXGroup section */

/* Begin PBXNativeTarget section */
		670C07A01F98B1F800C089EF /* OptimoveSDKApplication */ = {
			isa = PBXNativeTarget;
			buildConfigurationList = 670C07B31F98B1F800C089EF /* Build configuration list for PBXNativeTarget "OptimoveSDKApplication" */;
			buildPhases = (
				217C538D37BE076C416C127F /* [CP] Check Pods Manifest.lock */,
				670C079D1F98B1F800C089EF /* Sources */,
				670C079E1F98B1F800C089EF /* Frameworks */,
				670C079F1F98B1F800C089EF /* Resources */,
				E290EB1904533A18EEE1A100 /* [CP] Embed Pods Frameworks */,
				A277FE7A8C10F5469BC049A5 /* [CP] Copy Pods Resources */,
			);
			buildRules = (
			);
			dependencies = (
			);
			name = OptimoveSDKApplication;
			productName = OptimoveSDKApplication;
			productReference = 670C07A11F98B1F800C089EF /* OptimoveSDKApplication.app */;
			productType = "com.apple.product-type.application";
		};
/* End PBXNativeTarget section */

/* Begin PBXProject section */
		670C07991F98B1F800C089EF /* Project object */ = {
			isa = PBXProject;
			attributes = {
				LastSwiftUpdateCheck = 0900;
				LastUpgradeCheck = 0900;
				ORGANIZATIONNAME = Optimove;
				TargetAttributes = {
					670C07A01F98B1F800C089EF = {
						CreatedOnToolsVersion = 9.0.1;
						ProvisioningStyle = Automatic;
					};
				};
			};
			buildConfigurationList = 670C079C1F98B1F800C089EF /* Build configuration list for PBXProject "OptimoveSDKApplication" */;
			compatibilityVersion = "Xcode 8.0";
			developmentRegion = en;
			hasScannedForEncodings = 0;
			knownRegions = (
				en,
				Base,
			);
			mainGroup = 670C07981F98B1F800C089EF;
			productRefGroup = 670C07A21F98B1F800C089EF /* Products */;
			projectDirPath = "";
			projectRoot = "";
			targets = (
				670C07A01F98B1F800C089EF /* OptimoveSDKApplication */,
			);
		};
/* End PBXProject section */

/* Begin PBXResourcesBuildPhase section */
		670C079F1F98B1F800C089EF /* Resources */ = {
			isa = PBXResourcesBuildPhase;
			buildActionMask = 2147483647;
			files = (
				670C07AF1F98B1F800C089EF /* LaunchScreen.storyboard in Resources */,
				670C07AC1F98B1F800C089EF /* Assets.xcassets in Resources */,
				670C07AA1F98B1F800C089EF /* Main.storyboard in Resources */,
			);
			runOnlyForDeploymentPostprocessing = 0;
		};
/* End PBXResourcesBuildPhase section */

/* Begin PBXShellScriptBuildPhase section */
		217C538D37BE076C416C127F /* [CP] Check Pods Manifest.lock */ = {
			isa = PBXShellScriptBuildPhase;
			buildActionMask = 2147483647;
			files = (
			);
			inputPaths = (
				"${PODS_PODFILE_DIR_PATH}/Podfile.lock",
				"${PODS_ROOT}/Manifest.lock",
			);
			name = "[CP] Check Pods Manifest.lock";
			outputPaths = (
				"$(DERIVED_FILE_DIR)/Pods-OptimoveSDKApplication-checkManifestLockResult.txt",
			);
			runOnlyForDeploymentPostprocessing = 0;
			shellPath = /bin/sh;
			shellScript = "diff \"${PODS_PODFILE_DIR_PATH}/Podfile.lock\" \"${PODS_ROOT}/Manifest.lock\" > /dev/null\nif [ $? != 0 ] ; then\n    # print error to STDERR\n    echo \"error: The sandbox is not in sync with the Podfile.lock. Run 'pod install' or update your CocoaPods installation.\" >&2\n    exit 1\nfi\n# This output is used by Xcode 'outputs' to avoid re-running this script phase.\necho \"SUCCESS\" > \"${SCRIPT_OUTPUT_FILE_0}\"\n";
			showEnvVarsInLog = 0;
		};
		A277FE7A8C10F5469BC049A5 /* [CP] Copy Pods Resources */ = {
			isa = PBXShellScriptBuildPhase;
			buildActionMask = 2147483647;
			files = (
			);
			inputPaths = (
			);
			name = "[CP] Copy Pods Resources";
			outputPaths = (
			);
			runOnlyForDeploymentPostprocessing = 0;
			shellPath = /bin/sh;
			shellScript = "\"${SRCROOT}/Pods/Target Support Files/Pods-OptimoveSDKApplication/Pods-OptimoveSDKApplication-resources.sh\"\n";
			showEnvVarsInLog = 0;
		};
		E290EB1904533A18EEE1A100 /* [CP] Embed Pods Frameworks */ = {
			isa = PBXShellScriptBuildPhase;
			buildActionMask = 2147483647;
			files = (
			);
			inputPaths = (
				"${SRCROOT}/Pods/Target Support Files/Pods-OptimoveSDKApplication/Pods-OptimoveSDKApplication-frameworks.sh",
				"${BUILT_PRODUCTS_DIR}/GoogleToolboxForMac/GoogleToolboxForMac.framework",
				"${BUILT_PRODUCTS_DIR}/PiwikTracker/PiwikTracker.framework",
				"${BUILT_PRODUCTS_DIR}/Protobuf/Protobuf.framework",
				"${BUILT_PRODUCTS_DIR}/nanopb/nanopb.framework",
			);
			name = "[CP] Embed Pods Frameworks";
			outputPaths = (
				"${TARGET_BUILD_DIR}/${FRAMEWORKS_FOLDER_PATH}/GoogleToolboxForMac.framework",
				"${TARGET_BUILD_DIR}/${FRAMEWORKS_FOLDER_PATH}/PiwikTracker.framework",
				"${TARGET_BUILD_DIR}/${FRAMEWORKS_FOLDER_PATH}/Protobuf.framework",
				"${TARGET_BUILD_DIR}/${FRAMEWORKS_FOLDER_PATH}/nanopb.framework",
			);
			runOnlyForDeploymentPostprocessing = 0;
			shellPath = /bin/sh;
			shellScript = "\"${SRCROOT}/Pods/Target Support Files/Pods-OptimoveSDKApplication/Pods-OptimoveSDKApplication-frameworks.sh\"\n";
			showEnvVarsInLog = 0;
		};
/* End PBXShellScriptBuildPhase section */

/* Begin PBXSourcesBuildPhase section */
		670C079D1F98B1F800C089EF /* Sources */ = {
			isa = PBXSourcesBuildPhase;
			buildActionMask = 2147483647;
			files = (
				670C07A71F98B1F800C089EF /* ViewController.swift in Sources */,
				670C07A51F98B1F800C089EF /* AppDelegate.swift in Sources */,
			);
			runOnlyForDeploymentPostprocessing = 0;
		};
/* End PBXSourcesBuildPhase section */

/* Begin PBXVariantGroup section */
		670C07A81F98B1F800C089EF /* Main.storyboard */ = {
			isa = PBXVariantGroup;
			children = (
				670C07A91F98B1F800C089EF /* Base */,
			);
			name = Main.storyboard;
			sourceTree = "<group>";
		};
		670C07AD1F98B1F800C089EF /* LaunchScreen.storyboard */ = {
			isa = PBXVariantGroup;
			children = (
				670C07AE1F98B1F800C089EF /* Base */,
			);
			name = LaunchScreen.storyboard;
			sourceTree = "<group>";
		};
/* End PBXVariantGroup section */

/* Begin XCBuildConfiguration section */
		670C07B11F98B1F800C089EF /* Debug */ = {
			isa = XCBuildConfiguration;
			buildSettings = {
				ALWAYS_SEARCH_USER_PATHS = NO;
				CLANG_ANALYZER_NONNULL = YES;
				CLANG_ANALYZER_NUMBER_OBJECT_CONVERSION = YES_AGGRESSIVE;
				CLANG_CXX_LANGUAGE_STANDARD = "gnu++14";
				CLANG_CXX_LIBRARY = "libc++";
				CLANG_ENABLE_MODULES = YES;
				CLANG_ENABLE_OBJC_ARC = YES;
				CLANG_WARN_BLOCK_CAPTURE_AUTORELEASING = YES;
				CLANG_WARN_BOOL_CONVERSION = YES;
				CLANG_WARN_COMMA = YES;
				CLANG_WARN_CONSTANT_CONVERSION = YES;
				CLANG_WARN_DIRECT_OBJC_ISA_USAGE = YES_ERROR;
				CLANG_WARN_DOCUMENTATION_COMMENTS = YES;
				CLANG_WARN_EMPTY_BODY = YES;
				CLANG_WARN_ENUM_CONVERSION = YES;
				CLANG_WARN_INFINITE_RECURSION = YES;
				CLANG_WARN_INT_CONVERSION = YES;
				CLANG_WARN_NON_LITERAL_NULL_CONVERSION = YES;
				CLANG_WARN_OBJC_LITERAL_CONVERSION = YES;
				CLANG_WARN_OBJC_ROOT_CLASS = YES_ERROR;
				CLANG_WARN_RANGE_LOOP_ANALYSIS = YES;
				CLANG_WARN_STRICT_PROTOTYPES = YES;
				CLANG_WARN_SUSPICIOUS_MOVE = YES;
				CLANG_WARN_UNGUARDED_AVAILABILITY = YES_AGGRESSIVE;
				CLANG_WARN_UNREACHABLE_CODE = YES;
				CLANG_WARN__DUPLICATE_METHOD_MATCH = YES;
				CODE_SIGN_IDENTITY = "iPhone Developer";
				COPY_PHASE_STRIP = NO;
				DEBUG_INFORMATION_FORMAT = dwarf;
				ENABLE_STRICT_OBJC_MSGSEND = YES;
				ENABLE_TESTABILITY = YES;
				GCC_C_LANGUAGE_STANDARD = gnu11;
				GCC_DYNAMIC_NO_PIC = NO;
				GCC_NO_COMMON_BLOCKS = YES;
				GCC_OPTIMIZATION_LEVEL = 0;
				GCC_PREPROCESSOR_DEFINITIONS = (
					"DEBUG=1",
					"$(inherited)",
				);
				GCC_WARN_64_TO_32_BIT_CONVERSION = YES;
				GCC_WARN_ABOUT_RETURN_TYPE = YES_ERROR;
				GCC_WARN_UNDECLARED_SELECTOR = YES;
				GCC_WARN_UNINITIALIZED_AUTOS = YES_AGGRESSIVE;
				GCC_WARN_UNUSED_FUNCTION = YES;
				GCC_WARN_UNUSED_VARIABLE = YES;
				IPHONEOS_DEPLOYMENT_TARGET = 11.0;
				MTL_ENABLE_DEBUG_INFO = YES;
				ONLY_ACTIVE_ARCH = YES;
				SDKROOT = iphoneos;
				SWIFT_ACTIVE_COMPILATION_CONDITIONS = DEBUG;
				SWIFT_OPTIMIZATION_LEVEL = "-Onone";
			};
			name = Debug;
		};
		670C07B21F98B1F800C089EF /* Release */ = {
			isa = XCBuildConfiguration;
			buildSettings = {
				ALWAYS_SEARCH_USER_PATHS = NO;
				CLANG_ANALYZER_NONNULL = YES;
				CLANG_ANALYZER_NUMBER_OBJECT_CONVERSION = YES_AGGRESSIVE;
				CLANG_CXX_LANGUAGE_STANDARD = "gnu++14";
				CLANG_CXX_LIBRARY = "libc++";
				CLANG_ENABLE_MODULES = YES;
				CLANG_ENABLE_OBJC_ARC = YES;
				CLANG_WARN_BLOCK_CAPTURE_AUTORELEASING = YES;
				CLANG_WARN_BOOL_CONVERSION = YES;
				CLANG_WARN_COMMA = YES;
				CLANG_WARN_CONSTANT_CONVERSION = YES;
				CLANG_WARN_DIRECT_OBJC_ISA_USAGE = YES_ERROR;
				CLANG_WARN_DOCUMENTATION_COMMENTS = YES;
				CLANG_WARN_EMPTY_BODY = YES;
				CLANG_WARN_ENUM_CONVERSION = YES;
				CLANG_WARN_INFINITE_RECURSION = YES;
				CLANG_WARN_INT_CONVERSION = YES;
				CLANG_WARN_NON_LITERAL_NULL_CONVERSION = YES;
				CLANG_WARN_OBJC_LITERAL_CONVERSION = YES;
				CLANG_WARN_OBJC_ROOT_CLASS = YES_ERROR;
				CLANG_WARN_RANGE_LOOP_ANALYSIS = YES;
				CLANG_WARN_STRICT_PROTOTYPES = YES;
				CLANG_WARN_SUSPICIOUS_MOVE = YES;
				CLANG_WARN_UNGUARDED_AVAILABILITY = YES_AGGRESSIVE;
				CLANG_WARN_UNREACHABLE_CODE = YES;
				CLANG_WARN__DUPLICATE_METHOD_MATCH = YES;
				CODE_SIGN_IDENTITY = "iPhone Developer";
				COPY_PHASE_STRIP = NO;
				DEBUG_INFORMATION_FORMAT = "dwarf-with-dsym";
				ENABLE_NS_ASSERTIONS = NO;
				ENABLE_STRICT_OBJC_MSGSEND = YES;
				GCC_C_LANGUAGE_STANDARD = gnu11;
				GCC_NO_COMMON_BLOCKS = YES;
				GCC_WARN_64_TO_32_BIT_CONVERSION = YES;
				GCC_WARN_ABOUT_RETURN_TYPE = YES_ERROR;
				GCC_WARN_UNDECLARED_SELECTOR = YES;
				GCC_WARN_UNINITIALIZED_AUTOS = YES_AGGRESSIVE;
				GCC_WARN_UNUSED_FUNCTION = YES;
				GCC_WARN_UNUSED_VARIABLE = YES;
				IPHONEOS_DEPLOYMENT_TARGET = 11.0;
				MTL_ENABLE_DEBUG_INFO = NO;
				SDKROOT = iphoneos;
				SWIFT_OPTIMIZATION_LEVEL = "-Owholemodule";
				VALIDATE_PRODUCT = YES;
			};
			name = Release;
		};
		670C07B41F98B1F800C089EF /* Debug */ = {
			isa = XCBuildConfiguration;
			baseConfigurationReference = D26BD827080188CC8BE9E347 /* Pods-OptimoveSDKApplication.debug.xcconfig */;
			buildSettings = {
				ASSETCATALOG_COMPILER_APPICON_NAME = AppIcon;
				CODE_SIGN_STYLE = Automatic;
				DEVELOPMENT_TEAM = LDTF4M4FTC;
				INFOPLIST_FILE = OptimoveSDKApplication/Info.plist;
				LD_RUNPATH_SEARCH_PATHS = "$(inherited) @executable_path/Frameworks";
				PRODUCT_BUNDLE_IDENTIFIER = com.optimove.OptimoveSDKApplication;
				PRODUCT_NAME = "$(TARGET_NAME)";
				SWIFT_VERSION = 4.0;
				TARGETED_DEVICE_FAMILY = "1,2";
			};
			name = Debug;
		};
		670C07B51F98B1F800C089EF /* Release */ = {
			isa = XCBuildConfiguration;
			baseConfigurationReference = 11CD854AAEEFB595746D91EF /* Pods-OptimoveSDKApplication.release.xcconfig */;
			buildSettings = {
				ASSETCATALOG_COMPILER_APPICON_NAME = AppIcon;
				CODE_SIGN_STYLE = Automatic;
				DEVELOPMENT_TEAM = LDTF4M4FTC;
				INFOPLIST_FILE = OptimoveSDKApplication/Info.plist;
				LD_RUNPATH_SEARCH_PATHS = "$(inherited) @executable_path/Frameworks";
				PRODUCT_BUNDLE_IDENTIFIER = com.optimove.OptimoveSDKApplication;
				PRODUCT_NAME = "$(TARGET_NAME)";
				SWIFT_VERSION = 4.0;
				TARGETED_DEVICE_FAMILY = "1,2";
			};
			name = Release;
		};
/* End XCBuildConfiguration section */

/* Begin XCConfigurationList section */
		670C079C1F98B1F800C089EF /* Build configuration list for PBXProject "OptimoveSDKApplication" */ = {
			isa = XCConfigurationList;
			buildConfigurations = (
				670C07B11F98B1F800C089EF /* Debug */,
				670C07B21F98B1F800C089EF /* Release */,
			);
			defaultConfigurationIsVisible = 0;
			defaultConfigurationName = Release;
		};
		670C07B31F98B1F800C089EF /* Build configuration list for PBXNativeTarget "OptimoveSDKApplication" */ = {
			isa = XCConfigurationList;
			buildConfigurations = (
				670C07B41F98B1F800C089EF /* Debug */,
				670C07B51F98B1F800C089EF /* Release */,
			);
			defaultConfigurationIsVisible = 0;
			defaultConfigurationName = Release;
		};
/* End XCConfigurationList section */
	};
	rootObject = 670C07991F98B1F800C089EF /* Project object */;
}
